// !$*UTF8*$!
{
	archiveVersion = 1;
	classes = {
	};
	objectVersion = 46;
	objects = {

/* Begin PBXBuildFile section */
		7B34243B1CCF990C00FEBAEC /* RNNewRelic.h in CopyFiles */ = {isa = PBXBuildFile; fileRef = 7B34243A1CCF990C00FEBAEC /* RNNewRelic.h */; };
		7B34243D1CCF990C00FEBAEC /* RNNewRelic.m in Sources */ = {isa = PBXBuildFile; fileRef = 7B34243C1CCF990C00FEBAEC /* RNNewRelic.m */; };
/* End PBXBuildFile section */

/* Begin PBXCopyFilesBuildPhase section */
		7B3424351CCF990C00FEBAEC /* CopyFiles */ = {
			isa = PBXCopyFilesBuildPhase;
			buildActionMask = 2147483647;
			dstPath = "include/$(PRODUCT_NAME)";
			dstSubfolderSpec = 16;
			files = (
				7B34243B1CCF990C00FEBAEC /* RNNewRelic.h in CopyFiles */,
			);
			runOnlyForDeploymentPostprocessing = 0;
		};
/* End PBXCopyFilesBuildPhase section */

/* Begin PBXFileReference section */
		7B3424371CCF990C00FEBAEC /* libRNNewRelic.a */ = {isa = PBXFileReference; explicitFileType = archive.ar; includeInIndex = 0; path = libRNNewRelic.a; sourceTree = BUILT_PRODUCTS_DIR; };
		7B34243A1CCF990C00FEBAEC /* RNNewRelic.h */ = {isa = PBXFileReference; lastKnownFileType = sourcecode.c.h; path = RNNewRelic.h; sourceTree = "<group>"; };
		7B34243C1CCF990C00FEBAEC /* RNNewRelic.m */ = {isa = PBXFileReference; lastKnownFileType = sourcecode.c.objc; path = RNNewRelic.m; sourceTree = "<group>"; };
/* End PBXFileReference section */

/* Begin PBXFrameworksBuildPhase section */
		7B3424341CCF990C00FEBAEC /* Frameworks */ = {
			isa = PBXFrameworksBuildPhase;
			buildActionMask = 2147483647;
			files = (
			);
			runOnlyForDeploymentPostprocessing = 0;
		};
/* End PBXFrameworksBuildPhase section */

/* Begin PBXGroup section */
		7B34242E1CCF990C00FEBAEC = {
			isa = PBXGroup;
			children = (
				7B3424391CCF990C00FEBAEC /* RNNewRelic */,
				7B3424381CCF990C00FEBAEC /* Products */,
			);
			sourceTree = "<group>";
		};
		7B3424381CCF990C00FEBAEC /* Products */ = {
			isa = PBXGroup;
			children = (
				7B3424371CCF990C00FEBAEC /* libRNNewRelic.a */,
			);
			name = Products;
			sourceTree = "<group>";
		};
		7B3424391CCF990C00FEBAEC /* RNNewRelic */ = {
			isa = PBXGroup;
			children = (
				7B34243A1CCF990C00FEBAEC /* RNNewRelic.h */,
				7B34243C1CCF990C00FEBAEC /* RNNewRelic.m */,
			);
			path = RNNewRelic;
			sourceTree = "<group>";
		};
/* End PBXGroup section */

/* Begin PBXNativeTarget section */
		7B3424361CCF990C00FEBAEC /* RNNewRelic */ = {
			isa = PBXNativeTarget;
			buildConfigurationList = 7B3424401CCF990C00FEBAEC /* Build configuration list for PBXNativeTarget "RNNewRelic" */;
			buildPhases = (
				7B3424331CCF990C00FEBAEC /* Sources */,
				7B3424341CCF990C00FEBAEC /* Frameworks */,
				7B3424351CCF990C00FEBAEC /* CopyFiles */,
			);
			buildRules = (
			);
			dependencies = (
			);
			name = RNNewRelic;
			productName = RNNewRelic;
			productReference = 7B3424371CCF990C00FEBAEC /* libRNNewRelic.a */;
			productType = "com.apple.product-type.library.static";
		};
/* End PBXNativeTarget section */

/* Begin PBXProject section */
		7B34242F1CCF990C00FEBAEC /* Project object */ = {
			isa = PBXProject;
			attributes = {
				LastUpgradeCheck = 0730;
				ORGANIZATIONNAME = Wix.com;
				TargetAttributes = {
					7B3424361CCF990C00FEBAEC = {
						CreatedOnToolsVersion = 7.3;
					};
				};
			};
			buildConfigurationList = 7B3424321CCF990C00FEBAEC /* Build configuration list for PBXProject "RNNewRelic" */;
			compatibilityVersion = "Xcode 3.2";
			developmentRegion = English;
			hasScannedForEncodings = 0;
			knownRegions = (
				en,
			);
			mainGroup = 7B34242E1CCF990C00FEBAEC;
			productRefGroup = 7B3424381CCF990C00FEBAEC /* Products */;
			projectDirPath = "";
			projectRoot = "";
			targets = (
				7B3424361CCF990C00FEBAEC /* RNNewRelic */,
			);
		};
/* End PBXProject section */

/* Begin PBXSourcesBuildPhase section */
		7B3424331CCF990C00FEBAEC /* Sources */ = {
			isa = PBXSourcesBuildPhase;
			buildActionMask = 2147483647;
			files = (
				7B34243D1CCF990C00FEBAEC /* RNNewRelic.m in Sources */,
			);
			runOnlyForDeploymentPostprocessing = 0;
		};
/* End PBXSourcesBuildPhase section */

/* Begin XCBuildConfiguration section */
		7B34243E1CCF990C00FEBAEC /* Debug */ = {
			isa = XCBuildConfiguration;
			buildSettings = {
				ALWAYS_SEARCH_USER_PATHS = NO;
				CLANG_ANALYZER_NONNULL = YES;
				CLANG_CXX_LANGUAGE_STANDARD = "gnu++0x";
				CLANG_CXX_LIBRARY = "libc++";
				CLANG_ENABLE_MODULES = YES;
				CLANG_ENABLE_OBJC_ARC = YES;
				CLANG_WARN_BOOL_CONVERSION = YES;
				CLANG_WARN_CONSTANT_CONVERSION = YES;
				CLANG_WARN_DIRECT_OBJC_ISA_USAGE = YES_ERROR;
				CLANG_WARN_EMPTY_BODY = YES;
				CLANG_WARN_ENUM_CONVERSION = YES;
				CLANG_WARN_INT_CONVERSION = YES;
				CLANG_WARN_OBJC_ROOT_CLASS = YES_ERROR;
				CLANG_WARN_UNREACHABLE_CODE = YES;
				CLANG_WARN__DUPLICATE_METHOD_MATCH = YES;
				"CODE_SIGN_IDENTITY[sdk=iphoneos*]" = "iPhone Developer";
				COPY_PHASE_STRIP = NO;
				DEBUG_INFORMATION_FORMAT = dwarf;
				ENABLE_STRICT_OBJC_MSGSEND = YES;
				ENABLE_TESTABILITY = YES;
				GCC_C_LANGUAGE_STANDARD = gnu99;
				GCC_DYNAMIC_NO_PIC = NO;
				GCC_NO_COMMON_BLOCKS = YES;
				GCC_OPTIMIZATION_LEVEL = 0;
				GCC_PREPROCESSOR_DEFINITIONS = (
					"DEBUG=1",
					"$(inherited)",
				);
				GCC_WARN_64_TO_32_BIT_CONVERSION = YES;
				GCC_WARN_ABOUT_RETURN_TYPE = YES_ERROR;
				GCC_WARN_UNDECLARED_SELECTOR = YES;
				GCC_WARN_UNINITIALIZED_AUTOS = YES_AGGRESSIVE;
				GCC_WARN_UNUSED_FUNCTION = YES;
				GCC_WARN_UNUSED_VARIABLE = YES;
				IPHONEOS_DEPLOYMENT_TARGET = 9.3;
				MTL_ENABLE_DEBUG_INFO = YES;
				ONLY_ACTIVE_ARCH = YES;
				SDKROOT = iphoneos;
			};
			name = Debug;
		};
		7B34243F1CCF990C00FEBAEC /* Release */ = {
			isa = XCBuildConfiguration;
			buildSettings = {
				ALWAYS_SEARCH_USER_PATHS = NO;
				CLANG_ANALYZER_NONNULL = YES;
				CLANG_CXX_LANGUAGE_STANDARD = "gnu++0x";
				CLANG_CXX_LIBRARY = "libc++";
				CLANG_ENABLE_MODULES = YES;
				CLANG_ENABLE_OBJC_ARC = YES;
				CLANG_WARN_BOOL_CONVERSION = YES;
				CLANG_WARN_CONSTANT_CONVERSION = YES;
				CLANG_WARN_DIRECT_OBJC_ISA_USAGE = YES_ERROR;
				CLANG_WARN_EMPTY_BODY = YES;
				CLANG_WARN_ENUM_CONVERSION = YES;
				CLANG_WARN_INT_CONVERSION = YES;
				CLANG_WARN_OBJC_ROOT_CLASS = YES_ERROR;
				CLANG_WARN_UNREACHABLE_CODE = YES;
				CLANG_WARN__DUPLICATE_METHOD_MATCH = YES;
				"CODE_SIGN_IDENTITY[sdk=iphoneos*]" = "iPhone Developer";
				COPY_PHASE_STRIP = NO;
				DEBUG_INFORMATION_FORMAT = "dwarf-with-dsym";
				ENABLE_NS_ASSERTIONS = NO;
				ENABLE_STRICT_OBJC_MSGSEND = YES;
				GCC_C_LANGUAGE_STANDARD = gnu99;
				GCC_NO_COMMON_BLOCKS = YES;
				GCC_WARN_64_TO_32_BIT_CONVERSION = YES;
				GCC_WARN_ABOUT_RETURN_TYPE = YES_ERROR;
				GCC_WARN_UNDECLARED_SELECTOR = YES;
				GCC_WARN_UNINITIALIZED_AUTOS = YES_AGGRESSIVE;
				GCC_WARN_UNUSED_FUNCTION = YES;
				GCC_WARN_UNUSED_VARIABLE = YES;
				IPHONEOS_DEPLOYMENT_TARGET = 9.3;
				MTL_ENABLE_DEBUG_INFO = NO;
				SDKROOT = iphoneos;
				VALIDATE_PRODUCT = YES;
			};
			name = Release;
		};
		7B3424411CCF990C00FEBAEC /* Debug */ = {
			isa = XCBuildConfiguration;
			buildSettings = {
				FRAMEWORK_SEARCH_PATHS = "$(SRCROOT)/../../../ios/Frameworks";
				HEADER_SEARCH_PATHS = (
					"$(inherited)",
					"$(SRCROOT)/../../react-native/React/**",
					"$(SRCROOT)/../../../ios/Pods/**",
				);
				IPHONEOS_DEPLOYMENT_TARGET = 8.0;
				LIBRARY_SEARCH_PATHS = "";
				OTHER_LDFLAGS = "-ObjC";
				PRODUCT_NAME = "$(TARGET_NAME)";
				SKIP_INSTALL = YES;
			};
			name = Debug;
		};
		7B3424421CCF990C00FEBAEC /* Release */ = {
			isa = XCBuildConfiguration;
			buildSettings = {
				FRAMEWORK_SEARCH_PATHS = "$(SRCROOT)/../../../ios/Frameworks";
				HEADER_SEARCH_PATHS = (
					"$(inherited)",
					"$(SRCROOT)/../../react-native/React/**",
					"$(SRCROOT)/../../../ios/Pods/**",
				);
				IPHONEOS_DEPLOYMENT_TARGET = 8.0;
				LIBRARY_SEARCH_PATHS = "";
				OTHER_LDFLAGS = "-ObjC";
				PRODUCT_NAME = "$(TARGET_NAME)";
				SKIP_INSTALL = YES;
			};
			name = Release;
		};
/* End XCBuildConfiguration section */

/* Begin XCConfigurationList section */
		7B3424321CCF990C00FEBAEC /* Build configuration list for PBXProject "RNNewRelic" */ = {
			isa = XCConfigurationList;
			buildConfigurations = (
				7B34243E1CCF990C00FEBAEC /* Debug */,
				7B34243F1CCF990C00FEBAEC /* Release */,
			);
			defaultConfigurationIsVisible = 0;
			defaultConfigurationName = Release;
		};
		7B3424401CCF990C00FEBAEC /* Build configuration list for PBXNativeTarget "RNNewRelic" */ = {
			isa = XCConfigurationList;
			buildConfigurations = (
				7B3424411CCF990C00FEBAEC /* Debug */,
				7B3424421CCF990C00FEBAEC /* Release */,
			);
			defaultConfigurationIsVisible = 0;
			defaultConfigurationName = Release;
		};
/* End XCConfigurationList section */
	};
	rootObject = 7B34242F1CCF990C00FEBAEC /* Project object */;
}
